
Microsoft Visual Studio Solution File, Format Version 12.00
# Visual Studio 15
Project("{2150E333-8FDC-42A3-9474-1A3956D46DE8}") = "01.Core", "01.Core", "{3F2F5796-9A4F-4870-B6AC-191A94FC2CFE}"
EndProject
Project("{2150E333-8FDC-42A3-9474-1A3956D46DE8}") = "02.Services", "02.Services", "{DAD66F01-C2FD-4F8F-B3A3-2629B33A4A18}"
EndProject
Project("{2150E333-8FDC-42A3-9474-1A3956D46DE8}") = "03.Infrustructures", "03.Infrustructures", "{FF43D40C-2257-4B7A-A977-7DCB87531AAF}"
EndProject
Project("{2150E333-8FDC-42A3-9474-1A3956D46DE8}") = "04.EndPoints", "04.EndPoints", "{4A20CC90-5CFB-430D-A8E6-D8B3031F6A1F}"
EndProject
Project("{FAE04EC0-301F-11D3-BF4B-00C04F79EFBC}") = "NikamoozStore.Core.Domain", "NikamoozStore.Core.Domain\NikamoozStore.Core.Domain.csproj", "{8D74728D-DA40-4DAF-AB8F-45828C08B7A9}"
EndProject
Project("{FAE04EC0-301F-11D3-BF4B-00C04F79EFBC}") = "NikamoozStore.Services.ApplicationServices", "NikamoozStore.Services.ApplicationServices\NikamoozStore.Services.ApplicationServices.csproj", "{20BC5542-0273-452B-908A-9C244D4CAA80}"
EndProject
Project("{FAE04EC0-301F-11D3-BF4B-00C04F79EFBC}") = "NikamoozStore.Infrustructures.Dal", "NikamoozStore.Infrustructures.Dal\NikamoozStore.Infrustructures.Dal.csproj", "{19666FE9-349D-44CA-9EBE-2838E05F55D0}"
EndProject
Project("{FAE04EC0-301F-11D3-BF4B-00C04F79EFBC}") = "NikamoozStore.EndPoints.WebUI", "NikamoozStore.EndPoints.WebUI\NikamoozStore.EndPoints.WebUI.csproj", "{5629AB47-1EAF-40A0-A9AB-C57CDBA3028B}"
EndProject
Project("{9344BDBB-3E7F-41FC-A0DD-8665D75EE146}") = "NikamoozStore.Core.Contracts", "NikamoozStore.Core.Domain\NikamoozStore.Core.Contracts\NikamoozStore.Core.Contracts.csproj", "{706B740F-E5B0-4BC4-8F9F-5CD0AD454AB3}"
EndProject
Global
	GlobalSection(SolutionConfigurationPlatforms) = preSolution
		Debug|Any CPU = Debug|Any CPU
		Release|Any CPU = Release|Any CPU
	EndGlobalSection
	GlobalSection(ProjectConfigurationPlatforms) = postSolution
		{8D74728D-DA40-4DAF-AB8F-45828C08B7A9}.Debug|Any CPU.ActiveCfg = Debug|Any CPU
		{8D74728D-DA40-4DAF-AB8F-45828C08B7A9}.Debug|Any CPU.Build.0 = Debug|Any CPU
		{8D74728D-DA40-4DAF-AB8F-45828C08B7A9}.Release|Any CPU.ActiveCfg = Release|Any CPU
		{8D74728D-DA40-4DAF-AB8F-45828C08B7A9}.Release|Any CPU.Build.0 = Release|Any CPU
		{20BC5542-0273-452B-908A-9C244D4CAA80}.Debug|Any CPU.ActiveCfg = Debug|Any CPU
		{20BC5542-0273-452B-908A-9C244D4CAA80}.Debug|Any CPU.Build.0 = Debug|Any CPU
		{20BC5542-0273-452B-908A-9C244D4CAA80}.Release|Any CPU.ActiveCfg = Release|Any CPU
		{20BC5542-0273-452B-908A-9C244D4CAA80}.Release|Any CPU.Build.0 = Release|Any CPU
		{19666FE9-349D-44CA-9EBE-2838E05F55D0}.Debug|Any CPU.ActiveCfg = Debug|Any CPU
		{19666FE9-349D-44CA-9EBE-2838E05F55D0}.Debug|Any CPU.Build.0 = Debug|Any CPU
		{19666FE9-349D-44CA-9EBE-2838E05F55D0}.Release|Any CPU.ActiveCfg = Release|Any CPU
		{19666FE9-349D-44CA-9EBE-2838E05F55D0}.Release|Any CPU.Build.0 = Release|Any CPU
		{5629AB47-1EAF-40A0-A9AB-C57CDBA3028B}.Debug|Any CPU.ActiveCfg = Debug|Any CPU
		{5629AB47-1EAF-40A0-A9AB-C57CDBA3028B}.Debug|Any CPU.Build.0 = Debug|Any CPU
		{5629AB47-1EAF-40A0-A9AB-C57CDBA3028B}.Release|Any CPU.ActiveCfg = Release|Any CPU
		{5629AB47-1EAF-40A0-A9AB-C57CDBA3028B}.Release|Any CPU.Build.0 = Release|Any CPU
		{706B740F-E5B0-4BC4-8F9F-5CD0AD454AB3}.Debug|Any CPU.ActiveCfg = Debug|Any CPU
		{706B740F-E5B0-4BC4-8F9F-5CD0AD454AB3}.Debug|Any CPU.Build.0 = Debug|Any CPU
		{706B740F-E5B0-4BC4-8F9F-5CD0AD454AB3}.Release|Any CPU.ActiveCfg = Release|Any CPU
		{706B740F-E5B0-4BC4-8F9F-5CD0AD454AB3}.Release|Any CPU.Build.0 = Release|Any CPU
	EndGlobalSection
	GlobalSection(NestedProjects) = preSolution
		{8D74728D-DA40-4DAF-AB8F-45828C08B7A9} = {3F2F5796-9A4F-4870-B6AC-191A94FC2CFE}
		{20BC5542-0273-452B-908A-9C244D4CAA80} = {DAD66F01-C2FD-4F8F-B3A3-2629B33A4A18}
		{19666FE9-349D-44CA-9EBE-2838E05F55D0} = {FF43D40C-2257-4B7A-A977-7DCB87531AAF}
		{5629AB47-1EAF-40A0-A9AB-C57CDBA3028B} = {4A20CC90-5CFB-430D-A8E6-D8B3031F6A1F}
		{706B740F-E5B0-4BC4-8F9F-5CD0AD454AB3} = {3F2F5796-9A4F-4870-B6AC-191A94FC2CFE}
	EndGlobalSection
EndGlobal
